
Microsoft Visual Studio Solution File, Format Version 12.00
# Visual Studio Version 16
VisualStudioVersion = 16.0.31727.386
MinimumVisualStudioVersion = 10.0.40219.1
Project("{FAE04EC0-301F-11D3-BF4B-00C04F79EFBC}") = "TestMail", "TestMail\TestMail.csproj", "{EBFAAAB9-ECBA-45B0-9624-7A0DC1E7F988}"
EndProject
Global
	GlobalSection(SolutionConfigurationPlatforms) = preSolution
		Debug|Any CPU = Debug|Any CPU
		Release|Any CPU = Release|Any CPU
	EndGlobalSection
	GlobalSection(ProjectConfigurationPlatforms) = postSolution
		{EBFAAAB9-ECBA-45B0-9624-7A0DC1E7F988}.Debug|Any CPU.ActiveCfg = Debug|Any CPU
		{EBFAAAB9-ECBA-45B0-9624-7A0DC1E7F988}.Debug|Any CPU.Build.0 = Debug|Any CPU
		{EBFAAAB9-ECBA-45B0-9624-7A0DC1E7F988}.Release|Any CPU.ActiveCfg = Release|Any CPU
		{EBFAAAB9-ECBA-45B0-9624-7A0DC1E7F988}.Release|Any CPU.Build.0 = Release|Any CPU
	EndGlobalSection
	GlobalSection(SolutionProperties) = preSolution
		HideSolutionNode = FALSE
	EndGlobalSection
	GlobalSection(ExtensibilityGlobals) = postSolution
		SolutionGuid = {0F1AED04-0A02-4398-A1E6-922278BA5959}
	EndGlobalSection
EndGlobal
